// !$*UTF8*$!
{
	archiveVersion = 1;
	classes = {
	};
	objectVersion = 56;
	objects = {

/* Begin PBXBuildFile section */
		F339D7DF2A28DE2100FDE01B /* LaunchScreen.storyboard in Resources */ = {isa = PBXBuildFile; fileRef = F339D7DD2A28DE2100FDE01B /* LaunchScreen.storyboard */; };
		F339D7EA2A28DE2100FDE01B /* Magic_App_Tests.swift in Sources */ = {isa = PBXBuildFile; fileRef = F339D7E92A28DE2100FDE01B /* Magic_App_Tests.swift */; };
		F339D7F42A28DE2100FDE01B /* Magic_App_UITests.swift in Sources */ = {isa = PBXBuildFile; fileRef = F339D7F32A28DE2100FDE01B /* Magic_App_UITests.swift */; };
		F339D7F62A28DE2100FDE01B /* Magic_App_UITestsLaunchTests.swift in Sources */ = {isa = PBXBuildFile; fileRef = F339D7F52A28DE2100FDE01B /* Magic_App_UITestsLaunchTests.swift */; };
		F339D86C2A28DEB900FDE01B /* CardSets.json in Resources */ = {isa = PBXBuildFile; fileRef = F339D86A2A28DEB900FDE01B /* CardSets.json */; };
		F339D86D2A28DEB900FDE01B /* Card.json in Resources */ = {isa = PBXBuildFile; fileRef = F339D86B2A28DEB900FDE01B /* Card.json */; };
		F339D8712A28DED100FDE01B /* CardModel.swift in Sources */ = {isa = PBXBuildFile; fileRef = F339D86F2A28DED100FDE01B /* CardModel.swift */; };
		F339D8722A28DED100FDE01B /* CardSetsModel.swift in Sources */ = {isa = PBXBuildFile; fileRef = F339D8702A28DED100FDE01B /* CardSetsModel.swift */; };
		F339D87E2A28DEDC00FDE01B /* VisualizationCardsCollectionViewDataSource.swift in Sources */ = {isa = PBXBuildFile; fileRef = F339D8752A28DEDC00FDE01B /* VisualizationCardsCollectionViewDataSource.swift */; };
		F339D87F2A28DEDC00FDE01B /* ExpansionsCollectionViewDataSource.swift in Sources */ = {isa = PBXBuildFile; fileRef = F339D8762A28DEDC00FDE01B /* ExpansionsCollectionViewDataSource.swift */; };
		F339D8802A28DEDC00FDE01B /* VisualizationCardsViewCell.swift in Sources */ = {isa = PBXBuildFile; fileRef = F339D8782A28DEDC00FDE01B /* VisualizationCardsViewCell.swift */; };
		F339D8812A28DEDC00FDE01B /* CollectionViewCellExpansions.swift in Sources */ = {isa = PBXBuildFile; fileRef = F339D8792A28DEDC00FDE01B /* CollectionViewCellExpansions.swift */; };
		F339D8822A28DEDC00FDE01B /* VisualizationCardsView.swift in Sources */ = {isa = PBXBuildFile; fileRef = F339D87A2A28DEDC00FDE01B /* VisualizationCardsView.swift */; };
		F339D8832A28DEDC00FDE01B /* LoaderView.swift in Sources */ = {isa = PBXBuildFile; fileRef = F339D87B2A28DEDC00FDE01B /* LoaderView.swift */; };
		F339D8842A28DEDC00FDE01B /* DetailsCardView.swift in Sources */ = {isa = PBXBuildFile; fileRef = F339D87C2A28DEDC00FDE01B /* DetailsCardView.swift */; };
		F339D8852A28DEDC00FDE01B /* ExpansionsView.swift in Sources */ = {isa = PBXBuildFile; fileRef = F339D87D2A28DEDC00FDE01B /* ExpansionsView.swift */; };
		F339D88E2A28DEE800FDE01B /* ExpansionsViewController.swift in Sources */ = {isa = PBXBuildFile; fileRef = F339D8872A28DEE800FDE01B /* ExpansionsViewController.swift */; };
		F339D88F2A28DEE800FDE01B /* DetailsCardViewController.swift in Sources */ = {isa = PBXBuildFile; fileRef = F339D8882A28DEE800FDE01B /* DetailsCardViewController.swift */; };
		F339D8902A28DEE800FDE01B /* VisualizationCardsViewController.swift in Sources */ = {isa = PBXBuildFile; fileRef = F339D8892A28DEE800FDE01B /* VisualizationCardsViewController.swift */; };
		F339D8922A28DEE800FDE01B /* MyCardsViewController.swift in Sources */ = {isa = PBXBuildFile; fileRef = F339D88C2A28DEE800FDE01B /* MyCardsViewController.swift */; };
		F339D8932A28DEE800FDE01B /* TabBarController.swift in Sources */ = {isa = PBXBuildFile; fileRef = F339D88D2A28DEE800FDE01B /* TabBarController.swift */; };
		F339D8952A28DF0D00FDE01B /* ViewConfiguration.swift in Sources */ = {isa = PBXBuildFile; fileRef = F339D8942A28DF0D00FDE01B /* ViewConfiguration.swift */; };
		F339D8972A28DF2700FDE01B /* AppDelegate.swift in Sources */ = {isa = PBXBuildFile; fileRef = F339D8962A28DF2700FDE01B /* AppDelegate.swift */; };
		F339D8992A28DF3100FDE01B /* SceneDelegate.swift in Sources */ = {isa = PBXBuildFile; fileRef = F339D8982A28DF3100FDE01B /* SceneDelegate.swift */; };
		F339D89C2A28E00000FDE01B /* SnapKit in Frameworks */ = {isa = PBXBuildFile; productRef = F339D89B2A28E00000FDE01B /* SnapKit */; };
		F339D89F2A28E01000FDE01B /* MTGSDKSwift in Frameworks */ = {isa = PBXBuildFile; productRef = F339D89E2A28E01000FDE01B /* MTGSDKSwift */; };
		F339D8A12A28E0D200FDE01B /* MyCardsView.swift in Sources */ = {isa = PBXBuildFile; fileRef = F339D8A02A28E0D200FDE01B /* MyCardsView.swift */; };
		F339D8A32A28E2CE00FDE01B /* Media.xcassets in Resources */ = {isa = PBXBuildFile; fileRef = F339D8A22A28E2CE00FDE01B /* Media.xcassets */; };
/* End PBXBuildFile section */

/* Begin PBXContainerItemProxy section */
		F339D7E62A28DE2100FDE01B /* PBXContainerItemProxy */ = {
			isa = PBXContainerItemProxy;
			containerPortal = F339D7C72A28DE2000FDE01B /* Project object */;
			proxyType = 1;
			remoteGlobalIDString = F339D7CE2A28DE2000FDE01B;
			remoteInfo = "Magic-App-";
		};
		F339D7F02A28DE2100FDE01B /* PBXContainerItemProxy */ = {
			isa = PBXContainerItemProxy;
			containerPortal = F339D7C72A28DE2000FDE01B /* Project object */;
			proxyType = 1;
			remoteGlobalIDString = F339D7CE2A28DE2000FDE01B;
			remoteInfo = "Magic-App-";
		};
/* End PBXContainerItemProxy section */

/* Begin PBXFileReference section */
		F339D7CF2A28DE2000FDE01B /* Magic-App-.app */ = {isa = PBXFileReference; explicitFileType = wrapper.application; includeInIndex = 0; path = "Magic-App-.app"; sourceTree = BUILT_PRODUCTS_DIR; };
		F339D7DE2A28DE2100FDE01B /* Base */ = {isa = PBXFileReference; lastKnownFileType = file.storyboard; name = Base; path = Base.lproj/LaunchScreen.storyboard; sourceTree = "<group>"; };
		F339D7E02A28DE2100FDE01B /* Info.plist */ = {isa = PBXFileReference; lastKnownFileType = text.plist.xml; path = Info.plist; sourceTree = "<group>"; };
		F339D7E52A28DE2100FDE01B /* Magic-App-Tests.xctest */ = {isa = PBXFileReference; explicitFileType = wrapper.cfbundle; includeInIndex = 0; path = "Magic-App-Tests.xctest"; sourceTree = BUILT_PRODUCTS_DIR; };
		F339D7E92A28DE2100FDE01B /* Magic_App_Tests.swift */ = {isa = PBXFileReference; lastKnownFileType = sourcecode.swift; path = Magic_App_Tests.swift; sourceTree = "<group>"; };
		F339D7EF2A28DE2100FDE01B /* Magic-App-UITests.xctest */ = {isa = PBXFileReference; explicitFileType = wrapper.cfbundle; includeInIndex = 0; path = "Magic-App-UITests.xctest"; sourceTree = BUILT_PRODUCTS_DIR; };
		F339D7F32A28DE2100FDE01B /* Magic_App_UITests.swift */ = {isa = PBXFileReference; lastKnownFileType = sourcecode.swift; path = Magic_App_UITests.swift; sourceTree = "<group>"; };
		F339D7F52A28DE2100FDE01B /* Magic_App_UITestsLaunchTests.swift */ = {isa = PBXFileReference; lastKnownFileType = sourcecode.swift; path = Magic_App_UITestsLaunchTests.swift; sourceTree = "<group>"; };
		F339D86A2A28DEB900FDE01B /* CardSets.json */ = {isa = PBXFileReference; fileEncoding = 4; lastKnownFileType = text.json; path = CardSets.json; sourceTree = "<group>"; };
		F339D86B2A28DEB900FDE01B /* Card.json */ = {isa = PBXFileReference; fileEncoding = 4; lastKnownFileType = text.json; path = Card.json; sourceTree = "<group>"; };
		F339D86F2A28DED100FDE01B /* CardModel.swift */ = {isa = PBXFileReference; fileEncoding = 4; lastKnownFileType = sourcecode.swift; path = CardModel.swift; sourceTree = "<group>"; };
		F339D8702A28DED100FDE01B /* CardSetsModel.swift */ = {isa = PBXFileReference; fileEncoding = 4; lastKnownFileType = sourcecode.swift; path = CardSetsModel.swift; sourceTree = "<group>"; };
		F339D8752A28DEDC00FDE01B /* VisualizationCardsCollectionViewDataSource.swift */ = {isa = PBXFileReference; fileEncoding = 4; lastKnownFileType = sourcecode.swift; path = VisualizationCardsCollectionViewDataSource.swift; sourceTree = "<group>"; };
		F339D8762A28DEDC00FDE01B /* ExpansionsCollectionViewDataSource.swift */ = {isa = PBXFileReference; fileEncoding = 4; lastKnownFileType = sourcecode.swift; path = ExpansionsCollectionViewDataSource.swift; sourceTree = "<group>"; };
		F339D8782A28DEDC00FDE01B /* VisualizationCardsViewCell.swift */ = {isa = PBXFileReference; fileEncoding = 4; lastKnownFileType = sourcecode.swift; path = VisualizationCardsViewCell.swift; sourceTree = "<group>"; };
		F339D8792A28DEDC00FDE01B /* CollectionViewCellExpansions.swift */ = {isa = PBXFileReference; fileEncoding = 4; lastKnownFileType = sourcecode.swift; path = CollectionViewCellExpansions.swift; sourceTree = "<group>"; };
		F339D87A2A28DEDC00FDE01B /* VisualizationCardsView.swift */ = {isa = PBXFileReference; fileEncoding = 4; lastKnownFileType = sourcecode.swift; path = VisualizationCardsView.swift; sourceTree = "<group>"; };
		F339D87B2A28DEDC00FDE01B /* LoaderView.swift */ = {isa = PBXFileReference; fileEncoding = 4; lastKnownFileType = sourcecode.swift; path = LoaderView.swift; sourceTree = "<group>"; };
		F339D87C2A28DEDC00FDE01B /* DetailsCardView.swift */ = {isa = PBXFileReference; fileEncoding = 4; lastKnownFileType = sourcecode.swift; path = DetailsCardView.swift; sourceTree = "<group>"; };
		F339D87D2A28DEDC00FDE01B /* ExpansionsView.swift */ = {isa = PBXFileReference; fileEncoding = 4; lastKnownFileType = sourcecode.swift; path = ExpansionsView.swift; sourceTree = "<group>"; };
		F339D8872A28DEE800FDE01B /* ExpansionsViewController.swift */ = {isa = PBXFileReference; fileEncoding = 4; lastKnownFileType = sourcecode.swift; path = ExpansionsViewController.swift; sourceTree = "<group>"; };
		F339D8882A28DEE800FDE01B /* DetailsCardViewController.swift */ = {isa = PBXFileReference; fileEncoding = 4; lastKnownFileType = sourcecode.swift; path = DetailsCardViewController.swift; sourceTree = "<group>"; };
		F339D8892A28DEE800FDE01B /* VisualizationCardsViewController.swift */ = {isa = PBXFileReference; fileEncoding = 4; lastKnownFileType = sourcecode.swift; path = VisualizationCardsViewController.swift; sourceTree = "<group>"; };
		F339D88C2A28DEE800FDE01B /* MyCardsViewController.swift */ = {isa = PBXFileReference; fileEncoding = 4; lastKnownFileType = sourcecode.swift; path = MyCardsViewController.swift; sourceTree = "<group>"; };
		F339D88D2A28DEE800FDE01B /* TabBarController.swift */ = {isa = PBXFileReference; fileEncoding = 4; lastKnownFileType = sourcecode.swift; path = TabBarController.swift; sourceTree = "<group>"; };
		F339D8942A28DF0D00FDE01B /* ViewConfiguration.swift */ = {isa = PBXFileReference; fileEncoding = 4; lastKnownFileType = sourcecode.swift; path = ViewConfiguration.swift; sourceTree = "<group>"; };
		F339D8962A28DF2700FDE01B /* AppDelegate.swift */ = {isa = PBXFileReference; fileEncoding = 4; lastKnownFileType = sourcecode.swift; path = AppDelegate.swift; sourceTree = "<group>"; };
		F339D8982A28DF3100FDE01B /* SceneDelegate.swift */ = {isa = PBXFileReference; fileEncoding = 4; lastKnownFileType = sourcecode.swift; path = SceneDelegate.swift; sourceTree = "<group>"; };
		F339D8A02A28E0D200FDE01B /* MyCardsView.swift */ = {isa = PBXFileReference; fileEncoding = 4; lastKnownFileType = sourcecode.swift; path = MyCardsView.swift; sourceTree = "<group>"; };
		F339D8A22A28E2CE00FDE01B /* Media.xcassets */ = {isa = PBXFileReference; lastKnownFileType = folder.assetcatalog; path = Media.xcassets; sourceTree = "<group>"; };
/* End PBXFileReference section */

/* Begin PBXFrameworksBuildPhase section */
		F339D7CC2A28DE2000FDE01B /* Frameworks */ = {
			isa = PBXFrameworksBuildPhase;
			buildActionMask = 2147483647;
			files = (
				F339D89F2A28E01000FDE01B /* MTGSDKSwift in Frameworks */,
				F339D89C2A28E00000FDE01B /* SnapKit in Frameworks */,
			);
			runOnlyForDeploymentPostprocessing = 0;
		};
		F339D7E22A28DE2100FDE01B /* Frameworks */ = {
			isa = PBXFrameworksBuildPhase;
			buildActionMask = 2147483647;
			files = (
			);
			runOnlyForDeploymentPostprocessing = 0;
		};
		F339D7EC2A28DE2100FDE01B /* Frameworks */ = {
			isa = PBXFrameworksBuildPhase;
			buildActionMask = 2147483647;
			files = (
			);
			runOnlyForDeploymentPostprocessing = 0;
		};
/* End PBXFrameworksBuildPhase section */

/* Begin PBXGroup section */
		F339D7C62A28DE2000FDE01B = {
			isa = PBXGroup;
			children = (
				F339D7D12A28DE2000FDE01B /* Magic-App- */,
				F339D7E82A28DE2100FDE01B /* Magic-App-Tests */,
				F339D7F22A28DE2100FDE01B /* Magic-App-UITests */,
				F339D7D02A28DE2000FDE01B /* Products */,
			);
			sourceTree = "<group>";
		};
		F339D7D02A28DE2000FDE01B /* Products */ = {
			isa = PBXGroup;
			children = (
				F339D7CF2A28DE2000FDE01B /* Magic-App-.app */,
				F339D7E52A28DE2100FDE01B /* Magic-App-Tests.xctest */,
				F339D7EF2A28DE2100FDE01B /* Magic-App-UITests.xctest */,
			);
			name = Products;
			sourceTree = "<group>";
		};
		F339D7D12A28DE2000FDE01B /* Magic-App- */ = {
			isa = PBXGroup;
			children = (
				F339D86E2A28DED100FDE01B /* Model  */,
				F339D8732A28DEDC00FDE01B /* View */,
				F339D8862A28DEE800FDE01B /* Controller */,
				F339D8692A28DEB900FDE01B /* Json-Files */,
				F339D8A22A28E2CE00FDE01B /* Media.xcassets */,
				F339D8942A28DF0D00FDE01B /* ViewConfiguration.swift */,
				F339D8962A28DF2700FDE01B /* AppDelegate.swift */,
				F339D8982A28DF3100FDE01B /* SceneDelegate.swift */,
				F339D7DD2A28DE2100FDE01B /* LaunchScreen.storyboard */,
				F339D7E02A28DE2100FDE01B /* Info.plist */,
			);
			path = "Magic-App-";
			sourceTree = "<group>";
		};
		F339D7E82A28DE2100FDE01B /* Magic-App-Tests */ = {
			isa = PBXGroup;
			children = (
				F339D7E92A28DE2100FDE01B /* Magic_App_Tests.swift */,
			);
			path = "Magic-App-Tests";
			sourceTree = "<group>";
		};
		F339D7F22A28DE2100FDE01B /* Magic-App-UITests */ = {
			isa = PBXGroup;
			children = (
				F339D7F32A28DE2100FDE01B /* Magic_App_UITests.swift */,
				F339D7F52A28DE2100FDE01B /* Magic_App_UITestsLaunchTests.swift */,
			);
			path = "Magic-App-UITests";
			sourceTree = "<group>";
		};
		F339D8692A28DEB900FDE01B /* Json-Files */ = {
			isa = PBXGroup;
			children = (
				F339D86A2A28DEB900FDE01B /* CardSets.json */,
				F339D86B2A28DEB900FDE01B /* Card.json */,
			);
			path = "Json-Files";
			sourceTree = "<group>";
		};
		F339D86E2A28DED100FDE01B /* Model  */ = {
			isa = PBXGroup;
			children = (
				F339D86F2A28DED100FDE01B /* CardModel.swift */,
				F339D8702A28DED100FDE01B /* CardSetsModel.swift */,
			);
			path = "Model ";
			sourceTree = "<group>";
		};
		F339D8732A28DEDC00FDE01B /* View */ = {
			isa = PBXGroup;
			children = (
				F339D8742A28DEDC00FDE01B /* DataSource */,
				F339D8772A28DEDC00FDE01B /* Cells */,
				F339D87A2A28DEDC00FDE01B /* VisualizationCardsView.swift */,
				F339D87B2A28DEDC00FDE01B /* LoaderView.swift */,
				F339D8A02A28E0D200FDE01B /* MyCardsView.swift */,
				F339D87C2A28DEDC00FDE01B /* DetailsCardView.swift */,
				F339D87D2A28DEDC00FDE01B /* ExpansionsView.swift */,
			);
			path = View;
			sourceTree = "<group>";
		};
		F339D8742A28DEDC00FDE01B /* DataSource */ = {
			isa = PBXGroup;
			children = (
				F339D8752A28DEDC00FDE01B /* VisualizationCardsCollectionViewDataSource.swift */,
				F339D8762A28DEDC00FDE01B /* ExpansionsCollectionViewDataSource.swift */,
			);
			path = DataSource;
			sourceTree = "<group>";
		};
		F339D8772A28DEDC00FDE01B /* Cells */ = {
			isa = PBXGroup;
			children = (
				F339D8782A28DEDC00FDE01B /* VisualizationCardsViewCell.swift */,
				F339D8792A28DEDC00FDE01B /* CollectionViewCellExpansions.swift */,
			);
			path = Cells;
			sourceTree = "<group>";
		};
		F339D8862A28DEE800FDE01B /* Controller */ = {
			isa = PBXGroup;
			children = (
				F339D8872A28DEE800FDE01B /* ExpansionsViewController.swift */,
				F339D8882A28DEE800FDE01B /* DetailsCardViewController.swift */,
				F339D8892A28DEE800FDE01B /* VisualizationCardsViewController.swift */,
				F339D88C2A28DEE800FDE01B /* MyCardsViewController.swift */,
				F339D88D2A28DEE800FDE01B /* TabBarController.swift */,
			);
			path = Controller;
			sourceTree = "<group>";
		};
/* End PBXGroup section */

/* Begin PBXNativeTarget section */
		F339D7CE2A28DE2000FDE01B /* Magic-App- */ = {
			isa = PBXNativeTarget;
			buildConfigurationList = F339D7F92A28DE2100FDE01B /* Build configuration list for PBXNativeTarget "Magic-App-" */;
			buildPhases = (
				F339D7CB2A28DE2000FDE01B /* Sources */,
				F339D7CC2A28DE2000FDE01B /* Frameworks */,
				F339D7CD2A28DE2000FDE01B /* Resources */,
			);
			buildRules = (
			);
			dependencies = (
			);
			name = "Magic-App-";
			packageProductDependencies = (
				F339D89B2A28E00000FDE01B /* SnapKit */,
				F339D89E2A28E01000FDE01B /* MTGSDKSwift */,
			);
			productName = "Magic-App-";
			productReference = F339D7CF2A28DE2000FDE01B /* Magic-App-.app */;
			productType = "com.apple.product-type.application";
		};
		F339D7E42A28DE2100FDE01B /* Magic-App-Tests */ = {
			isa = PBXNativeTarget;
			buildConfigurationList = F339D7FC2A28DE2100FDE01B /* Build configuration list for PBXNativeTarget "Magic-App-Tests" */;
			buildPhases = (
				F339D7E12A28DE2100FDE01B /* Sources */,
				F339D7E22A28DE2100FDE01B /* Frameworks */,
				F339D7E32A28DE2100FDE01B /* Resources */,
			);
			buildRules = (
			);
			dependencies = (
				F339D7E72A28DE2100FDE01B /* PBXTargetDependency */,
			);
			name = "Magic-App-Tests";
			productName = "Magic-App-Tests";
			productReference = F339D7E52A28DE2100FDE01B /* Magic-App-Tests.xctest */;
			productType = "com.apple.product-type.bundle.unit-test";
		};
		F339D7EE2A28DE2100FDE01B /* Magic-App-UITests */ = {
			isa = PBXNativeTarget;
			buildConfigurationList = F339D7FF2A28DE2100FDE01B /* Build configuration list for PBXNativeTarget "Magic-App-UITests" */;
			buildPhases = (
				F339D7EB2A28DE2100FDE01B /* Sources */,
				F339D7EC2A28DE2100FDE01B /* Frameworks */,
				F339D7ED2A28DE2100FDE01B /* Resources */,
			);
			buildRules = (
			);
			dependencies = (
				F339D7F12A28DE2100FDE01B /* PBXTargetDependency */,
			);
			name = "Magic-App-UITests";
			productName = "Magic-App-UITests";
			productReference = F339D7EF2A28DE2100FDE01B /* Magic-App-UITests.xctest */;
			productType = "com.apple.product-type.bundle.ui-testing";
		};
/* End PBXNativeTarget section */

/* Begin PBXProject section */
		F339D7C72A28DE2000FDE01B /* Project object */ = {
			isa = PBXProject;
			attributes = {
				BuildIndependentTargetsInParallel = 1;
				LastSwiftUpdateCheck = 1430;
				LastUpgradeCheck = 1430;
				TargetAttributes = {
					F339D7CE2A28DE2000FDE01B = {
						CreatedOnToolsVersion = 14.3;
					};
					F339D7E42A28DE2100FDE01B = {
						CreatedOnToolsVersion = 14.3;
						TestTargetID = F339D7CE2A28DE2000FDE01B;
					};
					F339D7EE2A28DE2100FDE01B = {
						CreatedOnToolsVersion = 14.3;
						TestTargetID = F339D7CE2A28DE2000FDE01B;
					};
				};
			};
			buildConfigurationList = F339D7CA2A28DE2000FDE01B /* Build configuration list for PBXProject "Magic-App-" */;
			compatibilityVersion = "Xcode 14.0";
			developmentRegion = en;
			hasScannedForEncodings = 0;
			knownRegions = (
				en,
				Base,
			);
			mainGroup = F339D7C62A28DE2000FDE01B;
			packageReferences = (
				F339D89A2A28E00000FDE01B /* XCRemoteSwiftPackageReference "SnapKit" */,
				F339D89D2A28E01000FDE01B /* XCRemoteSwiftPackageReference "mtg-sdk-swift" */,
			);
			productRefGroup = F339D7D02A28DE2000FDE01B /* Products */;
			projectDirPath = "";
			projectRoot = "";
			targets = (
				F339D7CE2A28DE2000FDE01B /* Magic-App- */,
				F339D7E42A28DE2100FDE01B /* Magic-App-Tests */,
				F339D7EE2A28DE2100FDE01B /* Magic-App-UITests */,
			);
		};
/* End PBXProject section */

/* Begin PBXResourcesBuildPhase section */
		F339D7CD2A28DE2000FDE01B /* Resources */ = {
			isa = PBXResourcesBuildPhase;
			buildActionMask = 2147483647;
			files = (
				F339D7DF2A28DE2100FDE01B /* LaunchScreen.storyboard in Resources */,
				F339D86C2A28DEB900FDE01B /* CardSets.json in Resources */,
				F339D8A32A28E2CE00FDE01B /* Media.xcassets in Resources */,
				F339D86D2A28DEB900FDE01B /* Card.json in Resources */,
			);
			runOnlyForDeploymentPostprocessing = 0;
		};
		F339D7E32A28DE2100FDE01B /* Resources */ = {
			isa = PBXResourcesBuildPhase;
			buildActionMask = 2147483647;
			files = (
			);
			runOnlyForDeploymentPostprocessing = 0;
		};
		F339D7ED2A28DE2100FDE01B /* Resources */ = {
			isa = PBXResourcesBuildPhase;
			buildActionMask = 2147483647;
			files = (
			);
			runOnlyForDeploymentPostprocessing = 0;
		};
/* End PBXResourcesBuildPhase section */

/* Begin PBXSourcesBuildPhase section */
		F339D7CB2A28DE2000FDE01B /* Sources */ = {
			isa = PBXSourcesBuildPhase;
			buildActionMask = 2147483647;
			files = (
				F339D8832A28DEDC00FDE01B /* LoaderView.swift in Sources */,
				F339D8922A28DEE800FDE01B /* MyCardsViewController.swift in Sources */,
				F339D8A12A28E0D200FDE01B /* MyCardsView.swift in Sources */,
				F339D8712A28DED100FDE01B /* CardModel.swift in Sources */,
				F339D8802A28DEDC00FDE01B /* VisualizationCardsViewCell.swift in Sources */,
				F339D88E2A28DEE800FDE01B /* ExpansionsViewController.swift in Sources */,
				F339D8852A28DEDC00FDE01B /* ExpansionsView.swift in Sources */,
				F339D87E2A28DEDC00FDE01B /* VisualizationCardsCollectionViewDataSource.swift in Sources */,
				F339D8812A28DEDC00FDE01B /* CollectionViewCellExpansions.swift in Sources */,
				F339D8932A28DEE800FDE01B /* TabBarController.swift in Sources */,
				F339D87F2A28DEDC00FDE01B /* ExpansionsCollectionViewDataSource.swift in Sources */,
				F339D88F2A28DEE800FDE01B /* DetailsCardViewController.swift in Sources */,
				F339D8952A28DF0D00FDE01B /* ViewConfiguration.swift in Sources */,
				F339D8972A28DF2700FDE01B /* AppDelegate.swift in Sources */,
				F339D8822A28DEDC00FDE01B /* VisualizationCardsView.swift in Sources */,
				F339D8722A28DED100FDE01B /* CardSetsModel.swift in Sources */,
				F339D8842A28DEDC00FDE01B /* DetailsCardView.swift in Sources */,
				F339D8992A28DF3100FDE01B /* SceneDelegate.swift in Sources */,
				F339D8902A28DEE800FDE01B /* VisualizationCardsViewController.swift in Sources */,
			);
			runOnlyForDeploymentPostprocessing = 0;
		};
		F339D7E12A28DE2100FDE01B /* Sources */ = {
			isa = PBXSourcesBuildPhase;
			buildActionMask = 2147483647;
			files = (
				F339D7EA2A28DE2100FDE01B /* Magic_App_Tests.swift in Sources */,
			);
			runOnlyForDeploymentPostprocessing = 0;
		};
		F339D7EB2A28DE2100FDE01B /* Sources */ = {
			isa = PBXSourcesBuildPhase;
			buildActionMask = 2147483647;
			files = (
				F339D7F62A28DE2100FDE01B /* Magic_App_UITestsLaunchTests.swift in Sources */,
				F339D7F42A28DE2100FDE01B /* Magic_App_UITests.swift in Sources */,
			);
			runOnlyForDeploymentPostprocessing = 0;
		};
/* End PBXSourcesBuildPhase section */

/* Begin PBXTargetDependency section */
		F339D7E72A28DE2100FDE01B /* PBXTargetDependency */ = {
			isa = PBXTargetDependency;
			target = F339D7CE2A28DE2000FDE01B /* Magic-App- */;
			targetProxy = F339D7E62A28DE2100FDE01B /* PBXContainerItemProxy */;
		};
		F339D7F12A28DE2100FDE01B /* PBXTargetDependency */ = {
			isa = PBXTargetDependency;
			target = F339D7CE2A28DE2000FDE01B /* Magic-App- */;
			targetProxy = F339D7F02A28DE2100FDE01B /* PBXContainerItemProxy */;
		};
/* End PBXTargetDependency section */

/* Begin PBXVariantGroup section */
		F339D7DD2A28DE2100FDE01B /* LaunchScreen.storyboard */ = {
			isa = PBXVariantGroup;
			children = (
				F339D7DE2A28DE2100FDE01B /* Base */,
			);
			name = LaunchScreen.storyboard;
			sourceTree = "<group>";
		};
/* End PBXVariantGroup section */

/* Begin XCBuildConfiguration section */
		F339D7F72A28DE2100FDE01B /* Debug */ = {
			isa = XCBuildConfiguration;
			buildSettings = {
				ALWAYS_SEARCH_USER_PATHS = NO;
				CLANG_ANALYZER_NONNULL = YES;
				CLANG_ANALYZER_NUMBER_OBJECT_CONVERSION = YES_AGGRESSIVE;
				CLANG_CXX_LANGUAGE_STANDARD = "gnu++20";
				CLANG_ENABLE_MODULES = YES;
				CLANG_ENABLE_OBJC_ARC = YES;
				CLANG_ENABLE_OBJC_WEAK = YES;
				CLANG_WARN_BLOCK_CAPTURE_AUTORELEASING = YES;
				CLANG_WARN_BOOL_CONVERSION = YES;
				CLANG_WARN_COMMA = YES;
				CLANG_WARN_CONSTANT_CONVERSION = YES;
				CLANG_WARN_DEPRECATED_OBJC_IMPLEMENTATIONS = YES;
				CLANG_WARN_DIRECT_OBJC_ISA_USAGE = YES_ERROR;
				CLANG_WARN_DOCUMENTATION_COMMENTS = YES;
				CLANG_WARN_EMPTY_BODY = YES;
				CLANG_WARN_ENUM_CONVERSION = YES;
				CLANG_WARN_INFINITE_RECURSION = YES;
				CLANG_WARN_INT_CONVERSION = YES;
				CLANG_WARN_NON_LITERAL_NULL_CONVERSION = YES;
				CLANG_WARN_OBJC_IMPLICIT_RETAIN_SELF = YES;
				CLANG_WARN_OBJC_LITERAL_CONVERSION = YES;
				CLANG_WARN_OBJC_ROOT_CLASS = YES_ERROR;
				CLANG_WARN_QUOTED_INCLUDE_IN_FRAMEWORK_HEADER = YES;
				CLANG_WARN_RANGE_LOOP_ANALYSIS = YES;
				CLANG_WARN_STRICT_PROTOTYPES = YES;
				CLANG_WARN_SUSPICIOUS_MOVE = YES;
				CLANG_WARN_UNGUARDED_AVAILABILITY = YES_AGGRESSIVE;
				CLANG_WARN_UNREACHABLE_CODE = YES;
				CLANG_WARN__DUPLICATE_METHOD_MATCH = YES;
				COPY_PHASE_STRIP = NO;
				DEBUG_INFORMATION_FORMAT = dwarf;
				ENABLE_STRICT_OBJC_MSGSEND = YES;
				ENABLE_TESTABILITY = YES;
				GCC_C_LANGUAGE_STANDARD = gnu11;
				GCC_DYNAMIC_NO_PIC = NO;
				GCC_NO_COMMON_BLOCKS = YES;
				GCC_OPTIMIZATION_LEVEL = 0;
				GCC_PREPROCESSOR_DEFINITIONS = (
					"DEBUG=1",
					"$(inherited)",
				);
				GCC_WARN_64_TO_32_BIT_CONVERSION = YES;
				GCC_WARN_ABOUT_RETURN_TYPE = YES_ERROR;
				GCC_WARN_UNDECLARED_SELECTOR = YES;
				GCC_WARN_UNINITIALIZED_AUTOS = YES_AGGRESSIVE;
				GCC_WARN_UNUSED_FUNCTION = YES;
				GCC_WARN_UNUSED_VARIABLE = YES;
				IPHONEOS_DEPLOYMENT_TARGET = 16.4;
				MTL_ENABLE_DEBUG_INFO = INCLUDE_SOURCE;
				MTL_FAST_MATH = YES;
				ONLY_ACTIVE_ARCH = YES;
				SDKROOT = iphoneos;
				SWIFT_ACTIVE_COMPILATION_CONDITIONS = DEBUG;
				SWIFT_OPTIMIZATION_LEVEL = "-Onone";
			};
			name = Debug;
		};
		F339D7F82A28DE2100FDE01B /* Release */ = {
			isa = XCBuildConfiguration;
			buildSettings = {
				ALWAYS_SEARCH_USER_PATHS = NO;
				CLANG_ANALYZER_NONNULL = YES;
				CLANG_ANALYZER_NUMBER_OBJECT_CONVERSION = YES_AGGRESSIVE;
				CLANG_CXX_LANGUAGE_STANDARD = "gnu++20";
				CLANG_ENABLE_MODULES = YES;
				CLANG_ENABLE_OBJC_ARC = YES;
				CLANG_ENABLE_OBJC_WEAK = YES;
				CLANG_WARN_BLOCK_CAPTURE_AUTORELEASING = YES;
				CLANG_WARN_BOOL_CONVERSION = YES;
				CLANG_WARN_COMMA = YES;
				CLANG_WARN_CONSTANT_CONVERSION = YES;
				CLANG_WARN_DEPRECATED_OBJC_IMPLEMENTATIONS = YES;
				CLANG_WARN_DIRECT_OBJC_ISA_USAGE = YES_ERROR;
				CLANG_WARN_DOCUMENTATION_COMMENTS = YES;
				CLANG_WARN_EMPTY_BODY = YES;
				CLANG_WARN_ENUM_CONVERSION = YES;
				CLANG_WARN_INFINITE_RECURSION = YES;
				CLANG_WARN_INT_CONVERSION = YES;
				CLANG_WARN_NON_LITERAL_NULL_CONVERSION = YES;
				CLANG_WARN_OBJC_IMPLICIT_RETAIN_SELF = YES;
				CLANG_WARN_OBJC_LITERAL_CONVERSION = YES;
				CLANG_WARN_OBJC_ROOT_CLASS = YES_ERROR;
				CLANG_WARN_QUOTED_INCLUDE_IN_FRAMEWORK_HEADER = YES;
				CLANG_WARN_RANGE_LOOP_ANALYSIS = YES;
				CLANG_WARN_STRICT_PROTOTYPES = YES;
				CLANG_WARN_SUSPICIOUS_MOVE = YES;
				CLANG_WARN_UNGUARDED_AVAILABILITY = YES_AGGRESSIVE;
				CLANG_WARN_UNREACHABLE_CODE = YES;
				CLANG_WARN__DUPLICATE_METHOD_MATCH = YES;
				COPY_PHASE_STRIP = NO;
				DEBUG_INFORMATION_FORMAT = "dwarf-with-dsym";
				ENABLE_NS_ASSERTIONS = NO;
				ENABLE_STRICT_OBJC_MSGSEND = YES;
				GCC_C_LANGUAGE_STANDARD = gnu11;
				GCC_NO_COMMON_BLOCKS = YES;
				GCC_WARN_64_TO_32_BIT_CONVERSION = YES;
				GCC_WARN_ABOUT_RETURN_TYPE = YES_ERROR;
				GCC_WARN_UNDECLARED_SELECTOR = YES;
				GCC_WARN_UNINITIALIZED_AUTOS = YES_AGGRESSIVE;
				GCC_WARN_UNUSED_FUNCTION = YES;
				GCC_WARN_UNUSED_VARIABLE = YES;
				IPHONEOS_DEPLOYMENT_TARGET = 16.4;
				MTL_ENABLE_DEBUG_INFO = NO;
				MTL_FAST_MATH = YES;
				SDKROOT = iphoneos;
				SWIFT_COMPILATION_MODE = wholemodule;
				SWIFT_OPTIMIZATION_LEVEL = "-O";
				VALIDATE_PRODUCT = YES;
			};
			name = Release;
		};
		F339D7FA2A28DE2100FDE01B /* Debug */ = {
			isa = XCBuildConfiguration;
			buildSettings = {
				ASSETCATALOG_COMPILER_APPICON_NAME = AppIcon;
				ASSETCATALOG_COMPILER_GLOBAL_ACCENT_COLOR_NAME = AccentColor;
				CODE_SIGN_STYLE = Automatic;
				CURRENT_PROJECT_VERSION = 1;
				DEVELOPMENT_TEAM = AB5BB364M4;
				GENERATE_INFOPLIST_FILE = YES;
				INFOPLIST_FILE = "Magic-App-/Info.plist";
				INFOPLIST_KEY_UIApplicationSupportsIndirectInputEvents = YES;
				INFOPLIST_KEY_UILaunchStoryboardName = LaunchScreen;
				INFOPLIST_KEY_UISupportedInterfaceOrientations_iPad = "UIInterfaceOrientationPortrait UIInterfaceOrientationPortraitUpsideDown UIInterfaceOrientationLandscapeLeft UIInterfaceOrientationLandscapeRight";
				INFOPLIST_KEY_UISupportedInterfaceOrientations_iPhone = "UIInterfaceOrientationPortrait UIInterfaceOrientationLandscapeLeft UIInterfaceOrientationLandscapeRight";
				LD_RUNPATH_SEARCH_PATHS = (
					"$(inherited)",
					"@executable_path/Frameworks",
				);
				MARKETING_VERSION = 1.0;
				PRODUCT_BUNDLE_IDENTIFIER = "hellen.heiny.Magic-App-";
				PRODUCT_NAME = "$(TARGET_NAME)";
				SWIFT_EMIT_LOC_STRINGS = YES;
				SWIFT_VERSION = 5.0;
				TARGETED_DEVICE_FAMILY = "1,2";
			};
			name = Debug;
		};
		F339D7FB2A28DE2100FDE01B /* Release */ = {
			isa = XCBuildConfiguration;
			buildSettings = {
				ASSETCATALOG_COMPILER_APPICON_NAME = AppIcon;
				ASSETCATALOG_COMPILER_GLOBAL_ACCENT_COLOR_NAME = AccentColor;
				CODE_SIGN_STYLE = Automatic;
				CURRENT_PROJECT_VERSION = 1;
				DEVELOPMENT_TEAM = AB5BB364M4;
				GENERATE_INFOPLIST_FILE = YES;
				INFOPLIST_FILE = "Magic-App-/Info.plist";
				INFOPLIST_KEY_UIApplicationSupportsIndirectInputEvents = YES;
				INFOPLIST_KEY_UILaunchStoryboardName = LaunchScreen;
				INFOPLIST_KEY_UISupportedInterfaceOrientations_iPad = "UIInterfaceOrientationPortrait UIInterfaceOrientationPortraitUpsideDown UIInterfaceOrientationLandscapeLeft UIInterfaceOrientationLandscapeRight";
				INFOPLIST_KEY_UISupportedInterfaceOrientations_iPhone = "UIInterfaceOrientationPortrait UIInterfaceOrientationLandscapeLeft UIInterfaceOrientationLandscapeRight";
				LD_RUNPATH_SEARCH_PATHS = (
					"$(inherited)",
					"@executable_path/Frameworks",
				);
				MARKETING_VERSION = 1.0;
				PRODUCT_BUNDLE_IDENTIFIER = "hellen.heiny.Magic-App-";
				PRODUCT_NAME = "$(TARGET_NAME)";
				SWIFT_EMIT_LOC_STRINGS = YES;
				SWIFT_VERSION = 5.0;
				TARGETED_DEVICE_FAMILY = "1,2";
			};
			name = Release;
		};
		F339D7FD2A28DE2100FDE01B /* Debug */ = {
			isa = XCBuildConfiguration;
			buildSettings = {
				ALWAYS_EMBED_SWIFT_STANDARD_LIBRARIES = YES;
				BUNDLE_LOADER = "$(TEST_HOST)";
				CODE_SIGN_STYLE = Automatic;
				CURRENT_PROJECT_VERSION = 1;
				DEVELOPMENT_TEAM = AB5BB364M4;
				GENERATE_INFOPLIST_FILE = YES;
				IPHONEOS_DEPLOYMENT_TARGET = 16.4;
				MARKETING_VERSION = 1.0;
				PRODUCT_BUNDLE_IDENTIFIER = "hellen.heiny.Magic-App-Tests";
				PRODUCT_NAME = "$(TARGET_NAME)";
				SWIFT_EMIT_LOC_STRINGS = NO;
				SWIFT_VERSION = 5.0;
				TARGETED_DEVICE_FAMILY = "1,2";
				TEST_HOST = "$(BUILT_PRODUCTS_DIR)/Magic-App-.app/$(BUNDLE_EXECUTABLE_FOLDER_PATH)/Magic-App-";
			};
			name = Debug;
		};
		F339D7FE2A28DE2100FDE01B /* Release */ = {
			isa = XCBuildConfiguration;
			buildSettings = {
				ALWAYS_EMBED_SWIFT_STANDARD_LIBRARIES = YES;
				BUNDLE_LOADER = "$(TEST_HOST)";
				CODE_SIGN_STYLE = Automatic;
				CURRENT_PROJECT_VERSION = 1;
				DEVELOPMENT_TEAM = AB5BB364M4;
				GENERATE_INFOPLIST_FILE = YES;
				IPHONEOS_DEPLOYMENT_TARGET = 16.4;
				MARKETING_VERSION = 1.0;
				PRODUCT_BUNDLE_IDENTIFIER = "hellen.heiny.Magic-App-Tests";
				PRODUCT_NAME = "$(TARGET_NAME)";
				SWIFT_EMIT_LOC_STRINGS = NO;
				SWIFT_VERSION = 5.0;
				TARGETED_DEVICE_FAMILY = "1,2";
				TEST_HOST = "$(BUILT_PRODUCTS_DIR)/Magic-App-.app/$(BUNDLE_EXECUTABLE_FOLDER_PATH)/Magic-App-";
			};
			name = Release;
		};
		F339D8002A28DE2100FDE01B /* Debug */ = {
			isa = XCBuildConfiguration;
			buildSettings = {
				ALWAYS_EMBED_SWIFT_STANDARD_LIBRARIES = YES;
				CODE_SIGN_STYLE = Automatic;
				CURRENT_PROJECT_VERSION = 1;
				DEVELOPMENT_TEAM = AB5BB364M4;
				GENERATE_INFOPLIST_FILE = YES;
				MARKETING_VERSION = 1.0;
				PRODUCT_BUNDLE_IDENTIFIER = "hellen.heiny.Magic-App-UITests";
				PRODUCT_NAME = "$(TARGET_NAME)";
				SWIFT_EMIT_LOC_STRINGS = NO;
				SWIFT_VERSION = 5.0;
				TARGETED_DEVICE_FAMILY = "1,2";
				TEST_TARGET_NAME = "Magic-App-";
			};
			name = Debug;
		};
		F339D8012A28DE2100FDE01B /* Release */ = {
			isa = XCBuildConfiguration;
			buildSettings = {
				ALWAYS_EMBED_SWIFT_STANDARD_LIBRARIES = YES;
				CODE_SIGN_STYLE = Automatic;
				CURRENT_PROJECT_VERSION = 1;
				DEVELOPMENT_TEAM = AB5BB364M4;
				GENERATE_INFOPLIST_FILE = YES;
				MARKETING_VERSION = 1.0;
				PRODUCT_BUNDLE_IDENTIFIER = "hellen.heiny.Magic-App-UITests";
				PRODUCT_NAME = "$(TARGET_NAME)";
				SWIFT_EMIT_LOC_STRINGS = NO;
				SWIFT_VERSION = 5.0;
				TARGETED_DEVICE_FAMILY = "1,2";
				TEST_TARGET_NAME = "Magic-App-";
			};
			name = Release;
		};
/* End XCBuildConfiguration section */

/* Begin XCConfigurationList section */
		F339D7CA2A28DE2000FDE01B /* Build configuration list for PBXProject "Magic-App-" */ = {
			isa = XCConfigurationList;
			buildConfigurations = (
				F339D7F72A28DE2100FDE01B /* Debug */,
				F339D7F82A28DE2100FDE01B /* Release */,
			);
			defaultConfigurationIsVisible = 0;
			defaultConfigurationName = Release;
		};
		F339D7F92A28DE2100FDE01B /* Build configuration list for PBXNativeTarget "Magic-App-" */ = {
			isa = XCConfigurationList;
			buildConfigurations = (
				F339D7FA2A28DE2100FDE01B /* Debug */,
				F339D7FB2A28DE2100FDE01B /* Release */,
			);
			defaultConfigurationIsVisible = 0;
			defaultConfigurationName = Release;
		};
		F339D7FC2A28DE2100FDE01B /* Build configuration list for PBXNativeTarget "Magic-App-Tests" */ = {
			isa = XCConfigurationList;
			buildConfigurations = (
				F339D7FD2A28DE2100FDE01B /* Debug */,
				F339D7FE2A28DE2100FDE01B /* Release */,
			);
			defaultConfigurationIsVisible = 0;
			defaultConfigurationName = Release;
		};
		F339D7FF2A28DE2100FDE01B /* Build configuration list for PBXNativeTarget "Magic-App-UITests" */ = {
			isa = XCConfigurationList;
			buildConfigurations = (
				F339D8002A28DE2100FDE01B /* Debug */,
				F339D8012A28DE2100FDE01B /* Release */,
			);
			defaultConfigurationIsVisible = 0;
			defaultConfigurationName = Release;
		};
/* End XCConfigurationList section */

/* Begin XCRemoteSwiftPackageReference section */
		F339D89A2A28E00000FDE01B /* XCRemoteSwiftPackageReference "SnapKit" */ = {
			isa = XCRemoteSwiftPackageReference;
			repositoryURL = "https://github.com/SnapKit/SnapKit.git";
			requirement = {
				kind = upToNextMajorVersion;
				minimumVersion = 5.0.0;
			};
		};
		F339D89D2A28E01000FDE01B /* XCRemoteSwiftPackageReference "mtg-sdk-swift" */ = {
			isa = XCRemoteSwiftPackageReference;
			repositoryURL = "https://github.com/MagicTheGathering/mtg-sdk-swift";
			requirement = {
				kind = upToNextMajorVersion;
				minimumVersion = 1.0.0;
			};
		};
/* End XCRemoteSwiftPackageReference section */

/* Begin XCSwiftPackageProductDependency section */
		F339D89B2A28E00000FDE01B /* SnapKit */ = {
			isa = XCSwiftPackageProductDependency;
			package = F339D89A2A28E00000FDE01B /* XCRemoteSwiftPackageReference "SnapKit" */;
			productName = SnapKit;
		};
		F339D89E2A28E01000FDE01B /* MTGSDKSwift */ = {
			isa = XCSwiftPackageProductDependency;
			package = F339D89D2A28E01000FDE01B /* XCRemoteSwiftPackageReference "mtg-sdk-swift" */;
			productName = MTGSDKSwift;
		};
/* End XCSwiftPackageProductDependency section */
	};
	rootObject = F339D7C72A28DE2000FDE01B /* Project object */;
}
